// !$*UTF8*$!
{
	archiveVersion = 1;
	classes = {
	};
	objectVersion = 52;
	objects = {

/* Begin PBXBuildFile section */
		60025C1A254C012900B9D7FE /* tourismApp.swift in Sources */ = {isa = PBXBuildFile; fileRef = 60025C19254C012900B9D7FE /* tourismApp.swift */; };
		60025C1C254C012900B9D7FE /* ContentView.swift in Sources */ = {isa = PBXBuildFile; fileRef = 60025C1B254C012900B9D7FE /* ContentView.swift */; };
		60025C1E254C012A00B9D7FE /* Assets.xcassets in Resources */ = {isa = PBXBuildFile; fileRef = 60025C1D254C012A00B9D7FE /* Assets.xcassets */; };
		60025C21254C012A00B9D7FE /* Preview Assets.xcassets in Resources */ = {isa = PBXBuildFile; fileRef = 60025C20254C012A00B9D7FE /* Preview Assets.xcassets */; };
		60025C2B254C077200B9D7FE /* RealmSwift in Frameworks */ = {isa = PBXBuildFile; productRef = 60025C2A254C077200B9D7FE /* RealmSwift */; };
		60025C2F254C083F00B9D7FE /* Alamofire in Frameworks */ = {isa = PBXBuildFile; productRef = 60025C2E254C083F00B9D7FE /* Alamofire */; };
		60025C32254DE51C00B9D7FE /* HomeView.swift in Sources */ = {isa = PBXBuildFile; fileRef = 60025C31254DE51C00B9D7FE /* HomeView.swift */; };
		60025C3B254DEAC100B9D7FE /* Place.swift in Sources */ = {isa = PBXBuildFile; fileRef = 60025C3A254DEAC100B9D7FE /* Place.swift */; };
		60025C42254DF12600B9D7FE /* PlaceResponse.swift in Sources */ = {isa = PBXBuildFile; fileRef = 60025C41254DF12600B9D7FE /* PlaceResponse.swift */; };
		60025C45254DF31700B9D7FE /* RemoteDataSource.swift in Sources */ = {isa = PBXBuildFile; fileRef = 60025C44254DF31700B9D7FE /* RemoteDataSource.swift */; };
		60025C48254DF3FF00B9D7FE /* PlaceRepository.swift in Sources */ = {isa = PBXBuildFile; fileRef = 60025C47254DF3FF00B9D7FE /* PlaceRepository.swift */; };
		60025C4C254DF50F00B9D7FE /* CustomError.swift in Sources */ = {isa = PBXBuildFile; fileRef = 60025C4B254DF50F00B9D7FE /* CustomError.swift */; };
		60025C4F254DF5FE00B9D7FE /* PlaceEntity.swift in Sources */ = {isa = PBXBuildFile; fileRef = 60025C4E254DF5FE00B9D7FE /* PlaceEntity.swift */; };
		60025C54254DF64800B9D7FE /* LocalDataSource.swift in Sources */ = {isa = PBXBuildFile; fileRef = 60025C53254DF64800B9D7FE /* LocalDataSource.swift */; };
		6087BF2C256A802200684CB0 /* PlaceRow.swift in Sources */ = {isa = PBXBuildFile; fileRef = 6087BF2B256A802200684CB0 /* PlaceRow.swift */; };
		6087BF32256A838F00684CB0 /* RemoteImage.swift in Sources */ = {isa = PBXBuildFile; fileRef = 6087BF31256A838F00684CB0 /* RemoteImage.swift */; };
		60C2E0C8254E687E0012D28B /* PlaceMapper.swift in Sources */ = {isa = PBXBuildFile; fileRef = 60C2E0C7254E687E0012D28B /* PlaceMapper.swift */; };
		60C2E0CB254EC6AE0012D28B /* Injection.swift in Sources */ = {isa = PBXBuildFile; fileRef = 60C2E0CA254EC6AE0012D28B /* Injection.swift */; };
		60C2E0CF254EC8920012D28B /* HomeInteractor.swift in Sources */ = {isa = PBXBuildFile; fileRef = 60C2E0CE254EC8920012D28B /* HomeInteractor.swift */; };
		60C2E0D2254EC9180012D28B /* DetailInteractor.swift in Sources */ = {isa = PBXBuildFile; fileRef = 60C2E0D1254EC9180012D28B /* DetailInteractor.swift */; };
		60C2E0DA254EF93A0012D28B /* HomePresenter.swift in Sources */ = {isa = PBXBuildFile; fileRef = 60C2E0D9254EF93A0012D28B /* HomePresenter.swift */; };
		60C2E0DE254EF95C0012D28B /* HomeRouter.swift in Sources */ = {isa = PBXBuildFile; fileRef = 60C2E0DD254EF95C0012D28B /* HomeRouter.swift */; };
		60C2E0E4254EFE9D0012D28B /* DetailPresenter.swift in Sources */ = {isa = PBXBuildFile; fileRef = 60C2E0E3254EFE9D0012D28B /* DetailPresenter.swift */; };
		60C2E0E7254EFEBD0012D28B /* DetailView.swift in Sources */ = {isa = PBXBuildFile; fileRef = 60C2E0E6254EFEBD0012D28B /* DetailView.swift */; };
		60E5B2CE25B3D15600563A0A /* tourismTests.swift in Sources */ = {isa = PBXBuildFile; fileRef = 60E5B2CD25B3D15600563A0A /* tourismTests.swift */; };
		60E6FF59257CC0060058A9D1 /* ProfileView.swift in Sources */ = {isa = PBXBuildFile; fileRef = 60E6FF58257CC0060058A9D1 /* ProfileView.swift */; };
		60E6FF61257E8E560058A9D1 /* AnnotationItem.swift in Sources */ = {isa = PBXBuildFile; fileRef = 60E6FF60257E8E560058A9D1 /* AnnotationItem.swift */; };
		60F5FEBB256D46BF009C946E /* FavoriteRouter.swift in Sources */ = {isa = PBXBuildFile; fileRef = 60F5FEBA256D46BF009C946E /* FavoriteRouter.swift */; };
		60F5FEBF256D470A009C946E /* FavoriteView.swift in Sources */ = {isa = PBXBuildFile; fileRef = 60F5FEBE256D470A009C946E /* FavoriteView.swift */; };
		60F5FEC2256D4720009C946E /* FavoritePresenter.swift in Sources */ = {isa = PBXBuildFile; fileRef = 60F5FEC1256D4720009C946E /* FavoritePresenter.swift */; };
		60F5FEC5256D478B009C946E /* FavoriteRow.swift in Sources */ = {isa = PBXBuildFile; fileRef = 60F5FEC4256D478B009C946E /* FavoriteRow.swift */; };
		60F5FEC8256D4DCA009C946E /* FavoriteInteractor.swift in Sources */ = {isa = PBXBuildFile; fileRef = 60F5FEC7256D4DCA009C946E /* FavoriteInteractor.swift */; };
/* End PBXBuildFile section */

/* Begin PBXContainerItemProxy section */
		60E5B2D025B3D15600563A0A /* PBXContainerItemProxy */ = {
			isa = PBXContainerItemProxy;
			containerPortal = 60025C0E254C012900B9D7FE /* Project object */;
			proxyType = 1;
			remoteGlobalIDString = 60025C15254C012900B9D7FE;
			remoteInfo = tourism;
		};
/* End PBXContainerItemProxy section */

/* Begin PBXFileReference section */
		60025C16254C012900B9D7FE /* tourism.app */ = {isa = PBXFileReference; explicitFileType = wrapper.application; includeInIndex = 0; path = tourism.app; sourceTree = BUILT_PRODUCTS_DIR; };
		60025C19254C012900B9D7FE /* tourismApp.swift */ = {isa = PBXFileReference; lastKnownFileType = sourcecode.swift; path = tourismApp.swift; sourceTree = "<group>"; };
		60025C1B254C012900B9D7FE /* ContentView.swift */ = {isa = PBXFileReference; lastKnownFileType = sourcecode.swift; path = ContentView.swift; sourceTree = "<group>"; };
		60025C1D254C012A00B9D7FE /* Assets.xcassets */ = {isa = PBXFileReference; lastKnownFileType = folder.assetcatalog; path = Assets.xcassets; sourceTree = "<group>"; };
		60025C20254C012A00B9D7FE /* Preview Assets.xcassets */ = {isa = PBXFileReference; lastKnownFileType = folder.assetcatalog; path = "Preview Assets.xcassets"; sourceTree = "<group>"; };
		60025C22254C012A00B9D7FE /* Info.plist */ = {isa = PBXFileReference; lastKnownFileType = text.plist.xml; path = Info.plist; sourceTree = "<group>"; };
		60025C31254DE51C00B9D7FE /* HomeView.swift */ = {isa = PBXFileReference; lastKnownFileType = sourcecode.swift; path = HomeView.swift; sourceTree = "<group>"; };
		60025C3A254DEAC100B9D7FE /* Place.swift */ = {isa = PBXFileReference; lastKnownFileType = sourcecode.swift; path = Place.swift; sourceTree = "<group>"; };
		60025C41254DF12600B9D7FE /* PlaceResponse.swift */ = {isa = PBXFileReference; lastKnownFileType = sourcecode.swift; path = PlaceResponse.swift; sourceTree = "<group>"; };
		60025C44254DF31700B9D7FE /* RemoteDataSource.swift */ = {isa = PBXFileReference; lastKnownFileType = sourcecode.swift; path = RemoteDataSource.swift; sourceTree = "<group>"; };
		60025C47254DF3FF00B9D7FE /* PlaceRepository.swift */ = {isa = PBXFileReference; lastKnownFileType = sourcecode.swift; path = PlaceRepository.swift; sourceTree = "<group>"; };
		60025C4B254DF50F00B9D7FE /* CustomError.swift */ = {isa = PBXFileReference; lastKnownFileType = sourcecode.swift; path = CustomError.swift; sourceTree = "<group>"; };
		60025C4E254DF5FE00B9D7FE /* PlaceEntity.swift */ = {isa = PBXFileReference; lastKnownFileType = sourcecode.swift; path = PlaceEntity.swift; sourceTree = "<group>"; };
		60025C53254DF64800B9D7FE /* LocalDataSource.swift */ = {isa = PBXFileReference; lastKnownFileType = sourcecode.swift; path = LocalDataSource.swift; sourceTree = "<group>"; };
		6087BF2B256A802200684CB0 /* PlaceRow.swift */ = {isa = PBXFileReference; lastKnownFileType = sourcecode.swift; path = PlaceRow.swift; sourceTree = "<group>"; };
		6087BF31256A838F00684CB0 /* RemoteImage.swift */ = {isa = PBXFileReference; lastKnownFileType = sourcecode.swift; path = RemoteImage.swift; sourceTree = "<group>"; };
		60C2E0C7254E687E0012D28B /* PlaceMapper.swift */ = {isa = PBXFileReference; lastKnownFileType = sourcecode.swift; path = PlaceMapper.swift; sourceTree = "<group>"; };
		60C2E0CA254EC6AE0012D28B /* Injection.swift */ = {isa = PBXFileReference; lastKnownFileType = sourcecode.swift; path = Injection.swift; sourceTree = "<group>"; };
		60C2E0CE254EC8920012D28B /* HomeInteractor.swift */ = {isa = PBXFileReference; lastKnownFileType = sourcecode.swift; path = HomeInteractor.swift; sourceTree = "<group>"; };
		60C2E0D1254EC9180012D28B /* DetailInteractor.swift */ = {isa = PBXFileReference; lastKnownFileType = sourcecode.swift; path = DetailInteractor.swift; sourceTree = "<group>"; };
		60C2E0D9254EF93A0012D28B /* HomePresenter.swift */ = {isa = PBXFileReference; lastKnownFileType = sourcecode.swift; path = HomePresenter.swift; sourceTree = "<group>"; };
		60C2E0DD254EF95C0012D28B /* HomeRouter.swift */ = {isa = PBXFileReference; lastKnownFileType = sourcecode.swift; path = HomeRouter.swift; sourceTree = "<group>"; };
		60C2E0E3254EFE9D0012D28B /* DetailPresenter.swift */ = {isa = PBXFileReference; lastKnownFileType = sourcecode.swift; path = DetailPresenter.swift; sourceTree = "<group>"; };
		60C2E0E6254EFEBD0012D28B /* DetailView.swift */ = {isa = PBXFileReference; lastKnownFileType = sourcecode.swift; path = DetailView.swift; sourceTree = "<group>"; };
		60E5B2CB25B3D15600563A0A /* tourismTests.xctest */ = {isa = PBXFileReference; explicitFileType = wrapper.cfbundle; includeInIndex = 0; path = tourismTests.xctest; sourceTree = BUILT_PRODUCTS_DIR; };
		60E5B2CD25B3D15600563A0A /* tourismTests.swift */ = {isa = PBXFileReference; lastKnownFileType = sourcecode.swift; path = tourismTests.swift; sourceTree = "<group>"; };
		60E5B2CF25B3D15600563A0A /* Info.plist */ = {isa = PBXFileReference; lastKnownFileType = text.plist.xml; path = Info.plist; sourceTree = "<group>"; };
		60E6FF58257CC0060058A9D1 /* ProfileView.swift */ = {isa = PBXFileReference; lastKnownFileType = sourcecode.swift; path = ProfileView.swift; sourceTree = "<group>"; };
		60E6FF60257E8E560058A9D1 /* AnnotationItem.swift */ = {isa = PBXFileReference; lastKnownFileType = sourcecode.swift; path = AnnotationItem.swift; sourceTree = "<group>"; };
		60F5FEBA256D46BF009C946E /* FavoriteRouter.swift */ = {isa = PBXFileReference; lastKnownFileType = sourcecode.swift; path = FavoriteRouter.swift; sourceTree = "<group>"; };
		60F5FEBE256D470A009C946E /* FavoriteView.swift */ = {isa = PBXFileReference; lastKnownFileType = sourcecode.swift; path = FavoriteView.swift; sourceTree = "<group>"; };
		60F5FEC1256D4720009C946E /* FavoritePresenter.swift */ = {isa = PBXFileReference; lastKnownFileType = sourcecode.swift; path = FavoritePresenter.swift; sourceTree = "<group>"; };
		60F5FEC4256D478B009C946E /* FavoriteRow.swift */ = {isa = PBXFileReference; lastKnownFileType = sourcecode.swift; path = FavoriteRow.swift; sourceTree = "<group>"; };
		60F5FEC7256D4DCA009C946E /* FavoriteInteractor.swift */ = {isa = PBXFileReference; lastKnownFileType = sourcecode.swift; path = FavoriteInteractor.swift; sourceTree = "<group>"; };
/* End PBXFileReference section */

/* Begin PBXFrameworksBuildPhase section */
		60025C13254C012900B9D7FE /* Frameworks */ = {
			isa = PBXFrameworksBuildPhase;
			buildActionMask = 2147483647;
			files = (
				60025C2B254C077200B9D7FE /* RealmSwift in Frameworks */,
				60025C2F254C083F00B9D7FE /* Alamofire in Frameworks */,
			);
			runOnlyForDeploymentPostprocessing = 0;
		};
		60E5B2C825B3D15600563A0A /* Frameworks */ = {
			isa = PBXFrameworksBuildPhase;
			buildActionMask = 2147483647;
			files = (
			);
			runOnlyForDeploymentPostprocessing = 0;
		};
/* End PBXFrameworksBuildPhase section */

/* Begin PBXGroup section */
		60025C0D254C012900B9D7FE = {
			isa = PBXGroup;
			children = (
				60025C18254C012900B9D7FE /* tourism */,
				60E5B2CC25B3D15600563A0A /* tourismTests */,
				60025C17254C012900B9D7FE /* Products */,
			);
			sourceTree = "<group>";
		};
		60025C17254C012900B9D7FE /* Products */ = {
			isa = PBXGroup;
			children = (
				60025C16254C012900B9D7FE /* tourism.app */,
				60E5B2CB25B3D15600563A0A /* tourismTests.xctest */,
			);
			name = Products;
			sourceTree = "<group>";
		};
		60025C18254C012900B9D7FE /* tourism */ = {
			isa = PBXGroup;
			children = (
				60C2E0D4254EF4710012D28B /* Module */,
				60025C34254DE6B300B9D7FE /* Core */,
				60025C19254C012900B9D7FE /* tourismApp.swift */,
				60025C1B254C012900B9D7FE /* ContentView.swift */,
				60025C1D254C012A00B9D7FE /* Assets.xcassets */,
				60025C22254C012A00B9D7FE /* Info.plist */,
				60025C1F254C012A00B9D7FE /* Preview Content */,
			);
			path = tourism;
			sourceTree = "<group>";
		};
		60025C1F254C012A00B9D7FE /* Preview Content */ = {
			isa = PBXGroup;
			children = (
				60025C20254C012A00B9D7FE /* Preview Assets.xcassets */,
			);
			path = "Preview Content";
			sourceTree = "<group>";
		};
		60025C34254DE6B300B9D7FE /* Core */ = {
			isa = PBXGroup;
			children = (
				60025C38254DE6DA00B9D7FE /* Utils */,
				60025C37254DE6D300B9D7FE /* Domain */,
				60025C36254DE6C800B9D7FE /* Data */,
				60025C35254DE6C100B9D7FE /* DI */,
			);
			path = Core;
			sourceTree = "<group>";
		};
		60025C35254DE6C100B9D7FE /* DI */ = {
			isa = PBXGroup;
			children = (
				60C2E0CA254EC6AE0012D28B /* Injection.swift */,
			);
			path = DI;
			sourceTree = "<group>";
		};
		60025C36254DE6C800B9D7FE /* Data */ = {
			isa = PBXGroup;
			children = (
				60025C40254DEFB200B9D7FE /* Local */,
				60025C3F254DEFAB00B9D7FE /* Remote */,
				60025C47254DF3FF00B9D7FE /* PlaceRepository.swift */,
			);
			path = Data;
			sourceTree = "<group>";
		};
		60025C37254DE6D300B9D7FE /* Domain */ = {
			isa = PBXGroup;
			children = (
				60C2E0CD254EC87A0012D28B /* UseCase */,
				60025C39254DE71000B9D7FE /* Model */,
			);
			path = Domain;
			sourceTree = "<group>";
		};
		60025C38254DE6DA00B9D7FE /* Utils */ = {
			isa = PBXGroup;
			children = (
				60025C4A254DF4DD00B9D7FE /* Extension */,
				60C2E0C7254E687E0012D28B /* PlaceMapper.swift */,
				6087BF31256A838F00684CB0 /* RemoteImage.swift */,
				60E6FF60257E8E560058A9D1 /* AnnotationItem.swift */,
			);
			path = Utils;
			sourceTree = "<group>";
		};
		60025C39254DE71000B9D7FE /* Model */ = {
			isa = PBXGroup;
			children = (
				60025C3A254DEAC100B9D7FE /* Place.swift */,
			);
			path = Model;
			sourceTree = "<group>";
		};
		60025C3F254DEFAB00B9D7FE /* Remote */ = {
			isa = PBXGroup;
			children = (
				60025C41254DF12600B9D7FE /* PlaceResponse.swift */,
				60025C44254DF31700B9D7FE /* RemoteDataSource.swift */,
			);
			path = Remote;
			sourceTree = "<group>";
		};
		60025C40254DEFB200B9D7FE /* Local */ = {
			isa = PBXGroup;
			children = (
				60025C4E254DF5FE00B9D7FE /* PlaceEntity.swift */,
				60025C53254DF64800B9D7FE /* LocalDataSource.swift */,
			);
			path = Local;
			sourceTree = "<group>";
		};
		60025C4A254DF4DD00B9D7FE /* Extension */ = {
			isa = PBXGroup;
			children = (
				60025C4B254DF50F00B9D7FE /* CustomError.swift */,
			);
			path = Extension;
			sourceTree = "<group>";
		};
		60C2E0CD254EC87A0012D28B /* UseCase */ = {
			isa = PBXGroup;
			children = (
				60C2E0CE254EC8920012D28B /* HomeInteractor.swift */,
				60C2E0D1254EC9180012D28B /* DetailInteractor.swift */,
				60F5FEC7256D4DCA009C946E /* FavoriteInteractor.swift */,
			);
			path = UseCase;
			sourceTree = "<group>";
		};
		60C2E0D4254EF4710012D28B /* Module */ = {
			isa = PBXGroup;
			children = (
				60E6FF56257CB5B50058A9D1 /* Profile */,
				60F5FEB6256D4579009C946E /* Favorite */,
				60C2E0E0254EFC090012D28B /* Detail */,
				60C2E0D5254EF4810012D28B /* Home */,
			);
			path = Module;
			sourceTree = "<group>";
		};
		60C2E0D5254EF4810012D28B /* Home */ = {
			isa = PBXGroup;
			children = (
				60C2E0D8254EF5CA0012D28B /* View */,
				60C2E0D7254EF5C00012D28B /* Router */,
				60C2E0D6254EF5BA0012D28B /* Presenter */,
			);
			path = Home;
			sourceTree = "<group>";
		};
		60C2E0D6254EF5BA0012D28B /* Presenter */ = {
			isa = PBXGroup;
			children = (
				60C2E0D9254EF93A0012D28B /* HomePresenter.swift */,
			);
			path = Presenter;
			sourceTree = "<group>";
		};
		60C2E0D7254EF5C00012D28B /* Router */ = {
			isa = PBXGroup;
			children = (
				60C2E0DD254EF95C0012D28B /* HomeRouter.swift */,
			);
			path = Router;
			sourceTree = "<group>";
		};
		60C2E0D8254EF5CA0012D28B /* View */ = {
			isa = PBXGroup;
			children = (
				60025C31254DE51C00B9D7FE /* HomeView.swift */,
				6087BF2B256A802200684CB0 /* PlaceRow.swift */,
			);
			path = View;
			sourceTree = "<group>";
		};
		60C2E0E0254EFC090012D28B /* Detail */ = {
			isa = PBXGroup;
			children = (
				60C2E0E2254EFE030012D28B /* View */,
				60C2E0E1254EFDF90012D28B /* Presenter */,
			);
			path = Detail;
			sourceTree = "<group>";
		};
		60C2E0E1254EFDF90012D28B /* Presenter */ = {
			isa = PBXGroup;
			children = (
				60C2E0E3254EFE9D0012D28B /* DetailPresenter.swift */,
			);
			path = Presenter;
			sourceTree = "<group>";
		};
		60C2E0E2254EFE030012D28B /* View */ = {
			isa = PBXGroup;
			children = (
				60C2E0E6254EFEBD0012D28B /* DetailView.swift */,
			);
			path = View;
			sourceTree = "<group>";
		};
		60E5B2CC25B3D15600563A0A /* tourismTests */ = {
			isa = PBXGroup;
			children = (
				60E5B2CD25B3D15600563A0A /* tourismTests.swift */,
				60E5B2CF25B3D15600563A0A /* Info.plist */,
			);
			path = tourismTests;
			sourceTree = "<group>";
		};
		60E6FF56257CB5B50058A9D1 /* Profile */ = {
			isa = PBXGroup;
			children = (
				60E6FF58257CC0060058A9D1 /* ProfileView.swift */,
			);
			path = Profile;
			sourceTree = "<group>";
		};
		60F5FEB6256D4579009C946E /* Favorite */ = {
			isa = PBXGroup;
			children = (
				60F5FEB9256D45E5009C946E /* Router */,
				60F5FEB8256D45DF009C946E /* View */,
				60F5FEB7256D45D8009C946E /* Presenter */,
			);
			path = Favorite;
			sourceTree = "<group>";
		};
		60F5FEB7256D45D8009C946E /* Presenter */ = {
			isa = PBXGroup;
			children = (
				60F5FEC1256D4720009C946E /* FavoritePresenter.swift */,
			);
			path = Presenter;
			sourceTree = "<group>";
		};
		60F5FEB8256D45DF009C946E /* View */ = {
			isa = PBXGroup;
			children = (
				60F5FEBE256D470A009C946E /* FavoriteView.swift */,
				60F5FEC4256D478B009C946E /* FavoriteRow.swift */,
			);
			path = View;
			sourceTree = "<group>";
		};
		60F5FEB9256D45E5009C946E /* Router */ = {
			isa = PBXGroup;
			children = (
				60F5FEBA256D46BF009C946E /* FavoriteRouter.swift */,
			);
			path = Router;
			sourceTree = "<group>";
		};
/* End PBXGroup section */

/* Begin PBXNativeTarget section */
		60025C15254C012900B9D7FE /* tourism */ = {
			isa = PBXNativeTarget;
			buildConfigurationList = 60025C25254C012A00B9D7FE /* Build configuration list for PBXNativeTarget "tourism" */;
			buildPhases = (
				60025C12254C012900B9D7FE /* Sources */,
				60025C13254C012900B9D7FE /* Frameworks */,
				60025C14254C012900B9D7FE /* Resources */,
			);
			buildRules = (
			);
			dependencies = (
			);
			name = tourism;
			packageProductDependencies = (
				60025C2A254C077200B9D7FE /* RealmSwift */,
				60025C2E254C083F00B9D7FE /* Alamofire */,
			);
			productName = tourism;
			productReference = 60025C16254C012900B9D7FE /* tourism.app */;
			productType = "com.apple.product-type.application";
		};
		60E5B2CA25B3D15600563A0A /* tourismTests */ = {
			isa = PBXNativeTarget;
			buildConfigurationList = 60E5B2D425B3D15600563A0A /* Build configuration list for PBXNativeTarget "tourismTests" */;
			buildPhases = (
				60E5B2C725B3D15600563A0A /* Sources */,
				60E5B2C825B3D15600563A0A /* Frameworks */,
				60E5B2C925B3D15600563A0A /* Resources */,
			);
			buildRules = (
			);
			dependencies = (
				60E5B2D125B3D15600563A0A /* PBXTargetDependency */,
			);
			name = tourismTests;
			productName = tourismTests;
			productReference = 60E5B2CB25B3D15600563A0A /* tourismTests.xctest */;
			productType = "com.apple.product-type.bundle.unit-test";
		};
/* End PBXNativeTarget section */

/* Begin PBXProject section */
		60025C0E254C012900B9D7FE /* Project object */ = {
			isa = PBXProject;
			attributes = {
				LastSwiftUpdateCheck = 1230;
				LastUpgradeCheck = 1200;
				TargetAttributes = {
					60025C15254C012900B9D7FE = {
						CreatedOnToolsVersion = 12.0.1;
					};
					60E5B2CA25B3D15600563A0A = {
						CreatedOnToolsVersion = 12.3;
						TestTargetID = 60025C15254C012900B9D7FE;
					};
				};
			};
			buildConfigurationList = 60025C11254C012900B9D7FE /* Build configuration list for PBXProject "tourism" */;
			compatibilityVersion = "Xcode 9.3";
			developmentRegion = en;
			hasScannedForEncodings = 0;
			knownRegions = (
				en,
				Base,
			);
			mainGroup = 60025C0D254C012900B9D7FE;
			packageReferences = (
				60025C29254C077200B9D7FE /* XCRemoteSwiftPackageReference "realm-cocoa" */,
				60025C2D254C083F00B9D7FE /* XCRemoteSwiftPackageReference "Alamofire" */,
			);
			productRefGroup = 60025C17254C012900B9D7FE /* Products */;
			projectDirPath = "";
			projectRoot = "";
			targets = (
				60025C15254C012900B9D7FE /* tourism */,
				60E5B2CA25B3D15600563A0A /* tourismTests */,
			);
		};
/* End PBXProject section */

/* Begin PBXResourcesBuildPhase section */
		60025C14254C012900B9D7FE /* Resources */ = {
			isa = PBXResourcesBuildPhase;
			buildActionMask = 2147483647;
			files = (
				60025C21254C012A00B9D7FE /* Preview Assets.xcassets in Resources */,
				60025C1E254C012A00B9D7FE /* Assets.xcassets in Resources */,
			);
			runOnlyForDeploymentPostprocessing = 0;
		};
		60E5B2C925B3D15600563A0A /* Resources */ = {
			isa = PBXResourcesBuildPhase;
			buildActionMask = 2147483647;
			files = (
			);
			runOnlyForDeploymentPostprocessing = 0;
		};
/* End PBXResourcesBuildPhase section */

/* Begin PBXSourcesBuildPhase section */
		60025C12254C012900B9D7FE /* Sources */ = {
			isa = PBXSourcesBuildPhase;
			buildActionMask = 2147483647;
			files = (
				60F5FEC8256D4DCA009C946E /* FavoriteInteractor.swift in Sources */,
				60E6FF59257CC0060058A9D1 /* ProfileView.swift in Sources */,
				60025C54254DF64800B9D7FE /* LocalDataSource.swift in Sources */,
				60C2E0E7254EFEBD0012D28B /* DetailView.swift in Sources */,
				60025C32254DE51C00B9D7FE /* HomeView.swift in Sources */,
				60025C4C254DF50F00B9D7FE /* CustomError.swift in Sources */,
				60F5FEBB256D46BF009C946E /* FavoriteRouter.swift in Sources */,
				60C2E0DA254EF93A0012D28B /* HomePresenter.swift in Sources */,
				60025C42254DF12600B9D7FE /* PlaceResponse.swift in Sources */,
				6087BF2C256A802200684CB0 /* PlaceRow.swift in Sources */,
				60C2E0DE254EF95C0012D28B /* HomeRouter.swift in Sources */,
				60F5FEC5256D478B009C946E /* FavoriteRow.swift in Sources */,
				60025C48254DF3FF00B9D7FE /* PlaceRepository.swift in Sources */,
				60E6FF61257E8E560058A9D1 /* AnnotationItem.swift in Sources */,
				6087BF32256A838F00684CB0 /* RemoteImage.swift in Sources */,
				60025C1C254C012900B9D7FE /* ContentView.swift in Sources */,
				60C2E0C8254E687E0012D28B /* PlaceMapper.swift in Sources */,
				60C2E0CF254EC8920012D28B /* HomeInteractor.swift in Sources */,
				60025C1A254C012900B9D7FE /* tourismApp.swift in Sources */,
				60025C4F254DF5FE00B9D7FE /* PlaceEntity.swift in Sources */,
				60C2E0CB254EC6AE0012D28B /* Injection.swift in Sources */,
				60C2E0D2254EC9180012D28B /* DetailInteractor.swift in Sources */,
				60F5FEC2256D4720009C946E /* FavoritePresenter.swift in Sources */,
				60025C45254DF31700B9D7FE /* RemoteDataSource.swift in Sources */,
				60025C3B254DEAC100B9D7FE /* Place.swift in Sources */,
				60C2E0E4254EFE9D0012D28B /* DetailPresenter.swift in Sources */,
				60F5FEBF256D470A009C946E /* FavoriteView.swift in Sources */,
			);
			runOnlyForDeploymentPostprocessing = 0;
		};
		60E5B2C725B3D15600563A0A /* Sources */ = {
			isa = PBXSourcesBuildPhase;
			buildActionMask = 2147483647;
			files = (
				60E5B2CE25B3D15600563A0A /* tourismTests.swift in Sources */,
			);
			runOnlyForDeploymentPostprocessing = 0;
		};
/* End PBXSourcesBuildPhase section */

/* Begin PBXTargetDependency section */
		60E5B2D125B3D15600563A0A /* PBXTargetDependency */ = {
			isa = PBXTargetDependency;
			target = 60025C15254C012900B9D7FE /* tourism */;
			targetProxy = 60E5B2D025B3D15600563A0A /* PBXContainerItemProxy */;
		};
/* End PBXTargetDependency section */

/* Begin XCBuildConfiguration section */
		60025C23254C012A00B9D7FE /* Debug */ = {
			isa = XCBuildConfiguration;
			buildSettings = {
				ALWAYS_SEARCH_USER_PATHS = NO;
				CLANG_ANALYZER_NONNULL = YES;
				CLANG_ANALYZER_NUMBER_OBJECT_CONVERSION = YES_AGGRESSIVE;
				CLANG_CXX_LANGUAGE_STANDARD = "gnu++14";
				CLANG_CXX_LIBRARY = "libc++";
				CLANG_ENABLE_MODULES = YES;
				CLANG_ENABLE_OBJC_ARC = YES;
				CLANG_ENABLE_OBJC_WEAK = YES;
				CLANG_WARN_BLOCK_CAPTURE_AUTORELEASING = YES;
				CLANG_WARN_BOOL_CONVERSION = YES;
				CLANG_WARN_COMMA = YES;
				CLANG_WARN_CONSTANT_CONVERSION = YES;
				CLANG_WARN_DEPRECATED_OBJC_IMPLEMENTATIONS = YES;
				CLANG_WARN_DIRECT_OBJC_ISA_USAGE = YES_ERROR;
				CLANG_WARN_DOCUMENTATION_COMMENTS = YES;
				CLANG_WARN_EMPTY_BODY = YES;
				CLANG_WARN_ENUM_CONVERSION = YES;
				CLANG_WARN_INFINITE_RECURSION = YES;
				CLANG_WARN_INT_CONVERSION = YES;
				CLANG_WARN_NON_LITERAL_NULL_CONVERSION = YES;
				CLANG_WARN_OBJC_IMPLICIT_RETAIN_SELF = YES;
				CLANG_WARN_OBJC_LITERAL_CONVERSION = YES;
				CLANG_WARN_OBJC_ROOT_CLASS = YES_ERROR;
				CLANG_WARN_QUOTED_INCLUDE_IN_FRAMEWORK_HEADER = YES;
				CLANG_WARN_RANGE_LOOP_ANALYSIS = YES;
				CLANG_WARN_STRICT_PROTOTYPES = YES;
				CLANG_WARN_SUSPICIOUS_MOVE = YES;
				CLANG_WARN_UNGUARDED_AVAILABILITY = YES_AGGRESSIVE;
				CLANG_WARN_UNREACHABLE_CODE = YES;
				CLANG_WARN__DUPLICATE_METHOD_MATCH = YES;
				COPY_PHASE_STRIP = NO;
				DEBUG_INFORMATION_FORMAT = dwarf;
				ENABLE_STRICT_OBJC_MSGSEND = YES;
				ENABLE_TESTABILITY = YES;
				GCC_C_LANGUAGE_STANDARD = gnu11;
				GCC_DYNAMIC_NO_PIC = NO;
				GCC_NO_COMMON_BLOCKS = YES;
				GCC_OPTIMIZATION_LEVEL = 0;
				GCC_PREPROCESSOR_DEFINITIONS = (
					"DEBUG=1",
					"$(inherited)",
				);
				GCC_WARN_64_TO_32_BIT_CONVERSION = YES;
				GCC_WARN_ABOUT_RETURN_TYPE = YES_ERROR;
				GCC_WARN_UNDECLARED_SELECTOR = YES;
				GCC_WARN_UNINITIALIZED_AUTOS = YES_AGGRESSIVE;
				GCC_WARN_UNUSED_FUNCTION = YES;
				GCC_WARN_UNUSED_VARIABLE = YES;
				IPHONEOS_DEPLOYMENT_TARGET = 14.0;
				MTL_ENABLE_DEBUG_INFO = INCLUDE_SOURCE;
				MTL_FAST_MATH = YES;
				ONLY_ACTIVE_ARCH = YES;
				SDKROOT = iphoneos;
				SWIFT_ACTIVE_COMPILATION_CONDITIONS = DEBUG;
				SWIFT_OPTIMIZATION_LEVEL = "-Onone";
			};
			name = Debug;
		};
		60025C24254C012A00B9D7FE /* Release */ = {
			isa = XCBuildConfiguration;
			buildSettings = {
				ALWAYS_SEARCH_USER_PATHS = NO;
				CLANG_ANALYZER_NONNULL = YES;
				CLANG_ANALYZER_NUMBER_OBJECT_CONVERSION = YES_AGGRESSIVE;
				CLANG_CXX_LANGUAGE_STANDARD = "gnu++14";
				CLANG_CXX_LIBRARY = "libc++";
				CLANG_ENABLE_MODULES = YES;
				CLANG_ENABLE_OBJC_ARC = YES;
				CLANG_ENABLE_OBJC_WEAK = YES;
				CLANG_WARN_BLOCK_CAPTURE_AUTORELEASING = YES;
				CLANG_WARN_BOOL_CONVERSION = YES;
				CLANG_WARN_COMMA = YES;
				CLANG_WARN_CONSTANT_CONVERSION = YES;
				CLANG_WARN_DEPRECATED_OBJC_IMPLEMENTATIONS = YES;
				CLANG_WARN_DIRECT_OBJC_ISA_USAGE = YES_ERROR;
				CLANG_WARN_DOCUMENTATION_COMMENTS = YES;
				CLANG_WARN_EMPTY_BODY = YES;
				CLANG_WARN_ENUM_CONVERSION = YES;
				CLANG_WARN_INFINITE_RECURSION = YES;
				CLANG_WARN_INT_CONVERSION = YES;
				CLANG_WARN_NON_LITERAL_NULL_CONVERSION = YES;
				CLANG_WARN_OBJC_IMPLICIT_RETAIN_SELF = YES;
				CLANG_WARN_OBJC_LITERAL_CONVERSION = YES;
				CLANG_WARN_OBJC_ROOT_CLASS = YES_ERROR;
				CLANG_WARN_QUOTED_INCLUDE_IN_FRAMEWORK_HEADER = YES;
				CLANG_WARN_RANGE_LOOP_ANALYSIS = YES;
				CLANG_WARN_STRICT_PROTOTYPES = YES;
				CLANG_WARN_SUSPICIOUS_MOVE = YES;
				CLANG_WARN_UNGUARDED_AVAILABILITY = YES_AGGRESSIVE;
				CLANG_WARN_UNREACHABLE_CODE = YES;
				CLANG_WARN__DUPLICATE_METHOD_MATCH = YES;
				COPY_PHASE_STRIP = NO;
				DEBUG_INFORMATION_FORMAT = "dwarf-with-dsym";
				ENABLE_NS_ASSERTIONS = NO;
				ENABLE_STRICT_OBJC_MSGSEND = YES;
				GCC_C_LANGUAGE_STANDARD = gnu11;
				GCC_NO_COMMON_BLOCKS = YES;
				GCC_WARN_64_TO_32_BIT_CONVERSION = YES;
				GCC_WARN_ABOUT_RETURN_TYPE = YES_ERROR;
				GCC_WARN_UNDECLARED_SELECTOR = YES;
				GCC_WARN_UNINITIALIZED_AUTOS = YES_AGGRESSIVE;
				GCC_WARN_UNUSED_FUNCTION = YES;
				GCC_WARN_UNUSED_VARIABLE = YES;
				IPHONEOS_DEPLOYMENT_TARGET = 14.0;
				MTL_ENABLE_DEBUG_INFO = NO;
				MTL_FAST_MATH = YES;
				SDKROOT = iphoneos;
				SWIFT_COMPILATION_MODE = wholemodule;
				SWIFT_OPTIMIZATION_LEVEL = "-O";
				VALIDATE_PRODUCT = YES;
			};
			name = Release;
		};
		60025C26254C012A00B9D7FE /* Debug */ = {
			isa = XCBuildConfiguration;
			buildSettings = {
				ASSETCATALOG_COMPILER_APPICON_NAME = AppIcon;
				ASSETCATALOG_COMPILER_GLOBAL_ACCENT_COLOR_NAME = AccentColor;
				CODE_SIGN_ENTITLEMENTS = tourism/tourism.entitlements;
				CODE_SIGN_STYLE = Automatic;
				DEVELOPMENT_ASSET_PATHS = "\"tourism/Preview Content\"";
				DEVELOPMENT_TEAM = TVFQAT4MZP;
				ENABLE_PREVIEWS = YES;
				INFOPLIST_FILE = tourism/Info.plist;
				IPHONEOS_DEPLOYMENT_TARGET = 14.0;
				LD_RUNPATH_SEARCH_PATHS = (
					"$(inherited)",
					"@executable_path/Frameworks",
				);
				PRODUCT_BUNDLE_IDENTIFIER = ihwan.id.tourism;
				PRODUCT_NAME = "$(TARGET_NAME)";
				SWIFT_VERSION = 5.0;
				TARGETED_DEVICE_FAMILY = "1,2";
			};
			name = Debug;
		};
		60025C27254C012A00B9D7FE /* Release */ = {
			isa = XCBuildConfiguration;
			buildSettings = {
				ASSETCATALOG_COMPILER_APPICON_NAME = AppIcon;
				ASSETCATALOG_COMPILER_GLOBAL_ACCENT_COLOR_NAME = AccentColor;
				CODE_SIGN_ENTITLEMENTS = tourism/tourism.entitlements;
				CODE_SIGN_STYLE = Automatic;
				DEVELOPMENT_ASSET_PATHS = "\"tourism/Preview Content\"";
				DEVELOPMENT_TEAM = TVFQAT4MZP;
				ENABLE_PREVIEWS = YES;
				INFOPLIST_FILE = tourism/Info.plist;
				IPHONEOS_DEPLOYMENT_TARGET = 14.0;
				LD_RUNPATH_SEARCH_PATHS = (
					"$(inherited)",
					"@executable_path/Frameworks",
				);
				PRODUCT_BUNDLE_IDENTIFIER = ihwan.id.tourism;
				PRODUCT_NAME = "$(TARGET_NAME)";
				SWIFT_VERSION = 5.0;
				TARGETED_DEVICE_FAMILY = "1,2";
			};
			name = Release;
		};
		60E5B2D225B3D15600563A0A /* Debug */ = {
			isa = XCBuildConfiguration;
			buildSettings = {
				BUNDLE_LOADER = "$(TEST_HOST)";
				CODE_SIGN_STYLE = Automatic;
				DEVELOPMENT_TEAM = TVFQAT4MZP;
				INFOPLIST_FILE = tourismTests/Info.plist;
				IPHONEOS_DEPLOYMENT_TARGET = 14.2;
				LD_RUNPATH_SEARCH_PATHS = (
					"$(inherited)",
					"@executable_path/Frameworks",
					"@loader_path/Frameworks",
				);
				PRODUCT_BUNDLE_IDENTIFIER = ihwan.tourismTests;
				PRODUCT_NAME = "$(TARGET_NAME)";
				SWIFT_VERSION = 5.0;
				TARGETED_DEVICE_FAMILY = "1,2";
				TEST_HOST = "$(BUILT_PRODUCTS_DIR)/tourism.app/tourism";
			};
			name = Debug;
		};
		60E5B2D325B3D15600563A0A /* Release */ = {
			isa = XCBuildConfiguration;
			buildSettings = {
				BUNDLE_LOADER = "$(TEST_HOST)";
				CODE_SIGN_STYLE = Automatic;
				DEVELOPMENT_TEAM = TVFQAT4MZP;
				INFOPLIST_FILE = tourismTests/Info.plist;
				IPHONEOS_DEPLOYMENT_TARGET = 14.2;
				LD_RUNPATH_SEARCH_PATHS = (
					"$(inherited)",
					"@executable_path/Frameworks",
					"@loader_path/Frameworks",
				);
				PRODUCT_BUNDLE_IDENTIFIER = ihwan.tourismTests;
				PRODUCT_NAME = "$(TARGET_NAME)";
				SWIFT_VERSION = 5.0;
				TARGETED_DEVICE_FAMILY = "1,2";
				TEST_HOST = "$(BUILT_PRODUCTS_DIR)/tourism.app/tourism";
			};
			name = Release;
		};
/* End XCBuildConfiguration section */

/* Begin XCConfigurationList section */
		60025C11254C012900B9D7FE /* Build configuration list for PBXProject "tourism" */ = {
			isa = XCConfigurationList;
			buildConfigurations = (
				60025C23254C012A00B9D7FE /* Debug */,
				60025C24254C012A00B9D7FE /* Release */,
			);
			defaultConfigurationIsVisible = 0;
			defaultConfigurationName = Release;
		};
		60025C25254C012A00B9D7FE /* Build configuration list for PBXNativeTarget "tourism" */ = {
			isa = XCConfigurationList;
			buildConfigurations = (
				60025C26254C012A00B9D7FE /* Debug */,
				60025C27254C012A00B9D7FE /* Release */,
			);
			defaultConfigurationIsVisible = 0;
			defaultConfigurationName = Release;
		};
		60E5B2D425B3D15600563A0A /* Build configuration list for PBXNativeTarget "tourismTests" */ = {
			isa = XCConfigurationList;
			buildConfigurations = (
				60E5B2D225B3D15600563A0A /* Debug */,
				60E5B2D325B3D15600563A0A /* Release */,
			);
			defaultConfigurationIsVisible = 0;
			defaultConfigurationName = Release;
		};
/* End XCConfigurationList section */

/* Begin XCRemoteSwiftPackageReference section */
		60025C29254C077200B9D7FE /* XCRemoteSwiftPackageReference "realm-cocoa" */ = {
			isa = XCRemoteSwiftPackageReference;
			repositoryURL = "https://github.com/realm/realm-cocoa";
			requirement = {
				kind = upToNextMajorVersion;
				minimumVersion = 10.1.1;
			};
		};
		60025C2D254C083F00B9D7FE /* XCRemoteSwiftPackageReference "Alamofire" */ = {
			isa = XCRemoteSwiftPackageReference;
			repositoryURL = "https://github.com/Alamofire/Alamofire.git";
			requirement = {
				kind = upToNextMajorVersion;
				minimumVersion = 5.3.0;
			};
		};
/* End XCRemoteSwiftPackageReference section */

/* Begin XCSwiftPackageProductDependency section */
		60025C2A254C077200B9D7FE /* RealmSwift */ = {
			isa = XCSwiftPackageProductDependency;
			package = 60025C29254C077200B9D7FE /* XCRemoteSwiftPackageReference "realm-cocoa" */;
			productName = RealmSwift;
		};
		60025C2E254C083F00B9D7FE /* Alamofire */ = {
			isa = XCSwiftPackageProductDependency;
			package = 60025C2D254C083F00B9D7FE /* XCRemoteSwiftPackageReference "Alamofire" */;
			productName = Alamofire;
		};
/* End XCSwiftPackageProductDependency section */
	};
	rootObject = 60025C0E254C012900B9D7FE /* Project object */;
}
