{
  "object": {
    "pins": [
      {
        "package": "Alamofire",
        "repositoryURL": "https://github.com/Alamofire/Alamofire",
        "state": {
          "branch": null,
          "revision": "eaf6e622dd41b07b251d8f01752eab31bc811493",
          "version": "5.4.1"
        }
      },
      {
        "package": "Core",
        "repositoryURL": "https://github.com/IhwanID/Core.git",
        "state": {
          "branch": null,
          "revision": "724ede6369d561dd0f631662f0d5d55841f58b54",
          "version": "1.0.0"
        }
      },
      {
        "package": "Realm",
        "repositoryURL": "https://github.com/realm/realm-cocoa",
        "state": {
          "branch": null,
          "revision": "11ac74e1cc1faec1cad0e6a9a41652ef1432d4c1",
          "version": "5.5.0"
        }
      },
      {
        "package": "RealmCore",
        "repositoryURL": "https://github.com/realm/realm-core",
        "state": {
          "branch": null,
          "revision": "612057010f5521d41559970306054f4c5b12632a",
          "version": "6.1.4"
        }
      }
    ]
  },
  "version": 1
}
